
Microsoft Visual Studio Solution File, Format Version 11.00
# Visual Studio 2010
Project("{2150E333-8FDC-42A3-9474-1A3956D46DE8}") = "Solution Items", "Solution Items", "{E67B8224-BBD4-423A-9C8E-6002FDABCDE8}"
	ProjectSection(SolutionItems) = preProject
		U:\Routing Project\ConfigFolder\Debug.xml = U:\Routing Project\ConfigFolder\Debug.xml
		U:\Routing Project\ConfigFolder\Default.config = U:\Routing Project\ConfigFolder\Default.config
		U:\Routing Project\ConfigFolder\Sandbox.config = U:\Routing Project\ConfigFolder\Sandbox.config
		U:\Routing Project\ConfigFolder\Static.config = U:\Routing Project\ConfigFolder\Static.config
		U:\Routing Project\ConfigFolder\Test.config = U:\Routing Project\ConfigFolder\Test.config
		..\..\..\Tests\TestNoSchema.config = ..\..\..\Tests\TestNoSchema.config
		TODO.txt = TODO.txt
		U:\Routing Project\ConfigFolder\Util.config = U:\Routing Project\ConfigFolder\Util.config
	EndProjectSection
EndProject
Project("{2150E333-8FDC-42A3-9474-1A3956D46DE8}") = "Static", "Static", "{300486EF-D20E-418C-9204-E9D4B1F8A86E}"
EndProject
Project("{2150E333-8FDC-42A3-9474-1A3956D46DE8}") = "Test User", "Test User", "{1B9303AF-8607-4FA1-A764-F8A763299D3E}"
EndProject
Project("{2150E333-8FDC-42A3-9474-1A3956D46DE8}") = "scripts", "scripts", "{895F87B4-2839-4C7F-AE6D-1AC5901C3498}"
EndProject
Project("{2150E333-8FDC-42A3-9474-1A3956D46DE8}") = "Routing Project", "Routing Project", "{CFB67609-6752-4AE6-8FED-B60C6A4B3F4A}"
EndProject
Project("{FAE04EC0-301F-11D3-BF4B-00C04F79EFBC}") = "Diagrams", "Diagrams\Diagrams.csproj", "{A702800A-3575-4FEC-81FA-375764BA318D}"
EndProject
Project("{FAE04EC0-301F-11D3-BF4B-00C04F79EFBC}") = "JM726.Lib", "JM726\JM726.Lib.csproj", "{56C6BDF3-6A66-40FB-B880-4510243C676A}"
EndProject
Project("{FAE04EC0-301F-11D3-BF4B-00C04F79EFBC}") = "Algorithms.Dijkstra", "Algorithms.Dijkstra\Algorithms.Dijkstra.csproj", "{82821A63-2F4D-46F0-BA6B-9F9814E2D266}"
EndProject
Project("{FAE04EC0-301F-11D3-BF4B-00C04F79EFBC}") = "Algorithms.DV", "Algorithms.DV\Algorithms.DV.csproj", "{A07D0E06-47BF-4215-AB84-2573596F2AB4}"
EndProject
Project("{FAE04EC0-301F-11D3-BF4B-00C04F79EFBC}") = "Algorithms.LinkState", "Algorithms.LinkState\Algorithms.LinkState.csproj", "{25639033-B211-49B9-AF40-B043A79728FB}"
EndProject
Project("{FAE04EC0-301F-11D3-BF4B-00C04F79EFBC}") = "Control", "Control\Control.csproj", "{8F012C59-269B-48CD-927B-3463FA1CAE0C}"
EndProject
Project("{FAE04EC0-301F-11D3-BF4B-00C04F79EFBC}") = "DependencyInjection", "DependencyInjection\DependencyInjection.csproj", "{891C9C4B-51CF-46F7-90ED-D314C5AABB22}"
EndProject
Project("{FAE04EC0-301F-11D3-BF4B-00C04F79EFBC}") = "Framework", "Framework\Framework.csproj", "{CA2E0C0E-692C-4E05-BAE2-A7991CA66B24}"
EndProject
Project("{FAE04EC0-301F-11D3-BF4B-00C04F79EFBC}") = "Model", "Model\Model.csproj", "{4D7A5872-7923-4D9B-8E23-DE2DC03E3891}"
EndProject
Project("{FAE04EC0-301F-11D3-BF4B-00C04F79EFBC}") = "MRM", "MRM\MRM.csproj", "{CFED367C-9EB1-4416-B936-53C5F30079B6}"
EndProject
Project("{FAE04EC0-301F-11D3-BF4B-00C04F79EFBC}") = "View", "View\View.csproj", "{0C83DEAD-6A1C-4871-8657-AD63DD76EB9A}"
EndProject
Global
	GlobalSection(SolutionConfigurationPlatforms) = preSolution
		AutomatedRelease|Any CPU = AutomatedRelease|Any CPU
		AutomatedRelease|Mixed Platforms = AutomatedRelease|Mixed Platforms
		AutomatedRelease|Win32 = AutomatedRelease|Win32
		AutomatedRelease|x64 = AutomatedRelease|x64
		AutomatedRelease|x86 = AutomatedRelease|x86
		Debug|Any CPU = Debug|Any CPU
		Debug|Mixed Platforms = Debug|Mixed Platforms
		Debug|Win32 = Debug|Win32
		Debug|x64 = Debug|x64
		Debug|x86 = Debug|x86
		Release|Any CPU = Release|Any CPU
		Release|Mixed Platforms = Release|Mixed Platforms
		Release|Win32 = Release|Win32
		Release|x64 = Release|x64
		Release|x86 = Release|x86
	EndGlobalSection
	GlobalSection(ProjectConfigurationPlatforms) = postSolution
		{A702800A-3575-4FEC-81FA-375764BA318D}.AutomatedRelease|Any CPU.ActiveCfg = Release|Any CPU
		{A702800A-3575-4FEC-81FA-375764BA318D}.AutomatedRelease|Any CPU.Build.0 = Release|Any CPU
		{A702800A-3575-4FEC-81FA-375764BA318D}.AutomatedRelease|Mixed Platforms.ActiveCfg = Release|Any CPU
		{A702800A-3575-4FEC-81FA-375764BA318D}.AutomatedRelease|Mixed Platforms.Build.0 = Release|Any CPU
		{A702800A-3575-4FEC-81FA-375764BA318D}.AutomatedRelease|Win32.ActiveCfg = Release|Any CPU
		{A702800A-3575-4FEC-81FA-375764BA318D}.AutomatedRelease|x64.ActiveCfg = Release|Any CPU
		{A702800A-3575-4FEC-81FA-375764BA318D}.AutomatedRelease|x86.ActiveCfg = Release|Any CPU
		{A702800A-3575-4FEC-81FA-375764BA318D}.Debug|Any CPU.ActiveCfg = Debug|Any CPU
		{A702800A-3575-4FEC-81FA-375764BA318D}.Debug|Any CPU.Build.0 = Debug|Any CPU
		{A702800A-3575-4FEC-81FA-375764BA318D}.Debug|Mixed Platforms.ActiveCfg = Debug|Any CPU
		{A702800A-3575-4FEC-81FA-375764BA318D}.Debug|Mixed Platforms.Build.0 = Debug|Any CPU
		{A702800A-3575-4FEC-81FA-375764BA318D}.Debug|Win32.ActiveCfg = Debug|Any CPU
		{A702800A-3575-4FEC-81FA-375764BA318D}.Debug|x64.ActiveCfg = Debug|Any CPU
		{A702800A-3575-4FEC-81FA-375764BA318D}.Debug|x86.ActiveCfg = Debug|Any CPU
		{A702800A-3575-4FEC-81FA-375764BA318D}.Release|Any CPU.ActiveCfg = Release|Any CPU
		{A702800A-3575-4FEC-81FA-375764BA318D}.Release|Any CPU.Build.0 = Release|Any CPU
		{A702800A-3575-4FEC-81FA-375764BA318D}.Release|Mixed Platforms.ActiveCfg = Release|Any CPU
		{A702800A-3575-4FEC-81FA-375764BA318D}.Release|Mixed Platforms.Build.0 = Release|Any CPU
		{A702800A-3575-4FEC-81FA-375764BA318D}.Release|Win32.ActiveCfg = Release|Any CPU
		{A702800A-3575-4FEC-81FA-375764BA318D}.Release|x64.ActiveCfg = Release|Any CPU
		{A702800A-3575-4FEC-81FA-375764BA318D}.Release|x86.ActiveCfg = Release|Any CPU
		{56C6BDF3-6A66-40FB-B880-4510243C676A}.AutomatedRelease|Any CPU.ActiveCfg = Release|Any CPU
		{56C6BDF3-6A66-40FB-B880-4510243C676A}.AutomatedRelease|Any CPU.Build.0 = Release|Any CPU
		{56C6BDF3-6A66-40FB-B880-4510243C676A}.AutomatedRelease|Mixed Platforms.ActiveCfg = Release|Any CPU
		{56C6BDF3-6A66-40FB-B880-4510243C676A}.AutomatedRelease|Mixed Platforms.Build.0 = Release|Any CPU
		{56C6BDF3-6A66-40FB-B880-4510243C676A}.AutomatedRelease|Win32.ActiveCfg = Release|Any CPU
		{56C6BDF3-6A66-40FB-B880-4510243C676A}.AutomatedRelease|x64.ActiveCfg = Release|Any CPU
		{56C6BDF3-6A66-40FB-B880-4510243C676A}.AutomatedRelease|x86.ActiveCfg = Release|Any CPU
		{56C6BDF3-6A66-40FB-B880-4510243C676A}.Debug|Any CPU.ActiveCfg = Debug|Any CPU
		{56C6BDF3-6A66-40FB-B880-4510243C676A}.Debug|Any CPU.Build.0 = Debug|Any CPU
		{56C6BDF3-6A66-40FB-B880-4510243C676A}.Debug|Mixed Platforms.ActiveCfg = Debug|Any CPU
		{56C6BDF3-6A66-40FB-B880-4510243C676A}.Debug|Mixed Platforms.Build.0 = Debug|Any CPU
		{56C6BDF3-6A66-40FB-B880-4510243C676A}.Debug|Win32.ActiveCfg = Debug|Any CPU
		{56C6BDF3-6A66-40FB-B880-4510243C676A}.Debug|x64.ActiveCfg = Debug|Any CPU
		{56C6BDF3-6A66-40FB-B880-4510243C676A}.Debug|x86.ActiveCfg = Debug|Any CPU
		{56C6BDF3-6A66-40FB-B880-4510243C676A}.Release|Any CPU.ActiveCfg = Release|Any CPU
		{56C6BDF3-6A66-40FB-B880-4510243C676A}.Release|Any CPU.Build.0 = Release|Any CPU
		{56C6BDF3-6A66-40FB-B880-4510243C676A}.Release|Mixed Platforms.ActiveCfg = Release|Any CPU
		{56C6BDF3-6A66-40FB-B880-4510243C676A}.Release|Mixed Platforms.Build.0 = Release|Any CPU
		{56C6BDF3-6A66-40FB-B880-4510243C676A}.Release|Win32.ActiveCfg = Release|Any CPU
		{56C6BDF3-6A66-40FB-B880-4510243C676A}.Release|x64.ActiveCfg = Release|Any CPU
		{56C6BDF3-6A66-40FB-B880-4510243C676A}.Release|x86.ActiveCfg = Release|Any CPU
		{82821A63-2F4D-46F0-BA6B-9F9814E2D266}.AutomatedRelease|Any CPU.ActiveCfg = Release|Any CPU
		{82821A63-2F4D-46F0-BA6B-9F9814E2D266}.AutomatedRelease|Any CPU.Build.0 = Release|Any CPU
		{82821A63-2F4D-46F0-BA6B-9F9814E2D266}.AutomatedRelease|Mixed Platforms.ActiveCfg = Release|Any CPU
		{82821A63-2F4D-46F0-BA6B-9F9814E2D266}.AutomatedRelease|Mixed Platforms.Build.0 = Release|Any CPU
		{82821A63-2F4D-46F0-BA6B-9F9814E2D266}.AutomatedRelease|Win32.ActiveCfg = Release|Any CPU
		{82821A63-2F4D-46F0-BA6B-9F9814E2D266}.AutomatedRelease|x64.ActiveCfg = Release|Any CPU
		{82821A63-2F4D-46F0-BA6B-9F9814E2D266}.AutomatedRelease|x86.ActiveCfg = Release|Any CPU
		{82821A63-2F4D-46F0-BA6B-9F9814E2D266}.Debug|Any CPU.ActiveCfg = Debug|Any CPU
		{82821A63-2F4D-46F0-BA6B-9F9814E2D266}.Debug|Any CPU.Build.0 = Debug|Any CPU
		{82821A63-2F4D-46F0-BA6B-9F9814E2D266}.Debug|Mixed Platforms.ActiveCfg = Debug|Any CPU
		{82821A63-2F4D-46F0-BA6B-9F9814E2D266}.Debug|Mixed Platforms.Build.0 = Debug|Any CPU
		{82821A63-2F4D-46F0-BA6B-9F9814E2D266}.Debug|Win32.ActiveCfg = Debug|Any CPU
		{82821A63-2F4D-46F0-BA6B-9F9814E2D266}.Debug|x64.ActiveCfg = Debug|Any CPU
		{82821A63-2F4D-46F0-BA6B-9F9814E2D266}.Debug|x86.ActiveCfg = Debug|Any CPU
		{82821A63-2F4D-46F0-BA6B-9F9814E2D266}.Release|Any CPU.ActiveCfg = Release|Any CPU
		{82821A63-2F4D-46F0-BA6B-9F9814E2D266}.Release|Any CPU.Build.0 = Release|Any CPU
		{82821A63-2F4D-46F0-BA6B-9F9814E2D266}.Release|Mixed Platforms.ActiveCfg = Release|Any CPU
		{82821A63-2F4D-46F0-BA6B-9F9814E2D266}.Release|Mixed Platforms.Build.0 = Release|Any CPU
		{82821A63-2F4D-46F0-BA6B-9F9814E2D266}.Release|Win32.ActiveCfg = Release|Any CPU
		{82821A63-2F4D-46F0-BA6B-9F9814E2D266}.Release|x64.ActiveCfg = Release|Any CPU
		{82821A63-2F4D-46F0-BA6B-9F9814E2D266}.Release|x86.ActiveCfg = Release|Any CPU
		{A07D0E06-47BF-4215-AB84-2573596F2AB4}.AutomatedRelease|Any CPU.ActiveCfg = Release|Any CPU
		{A07D0E06-47BF-4215-AB84-2573596F2AB4}.AutomatedRelease|Any CPU.Build.0 = Release|Any CPU
		{A07D0E06-47BF-4215-AB84-2573596F2AB4}.AutomatedRelease|Mixed Platforms.ActiveCfg = Release|Any CPU
		{A07D0E06-47BF-4215-AB84-2573596F2AB4}.AutomatedRelease|Mixed Platforms.Build.0 = Release|Any CPU
		{A07D0E06-47BF-4215-AB84-2573596F2AB4}.AutomatedRelease|Win32.ActiveCfg = Release|Any CPU
		{A07D0E06-47BF-4215-AB84-2573596F2AB4}.AutomatedRelease|x64.ActiveCfg = Release|Any CPU
		{A07D0E06-47BF-4215-AB84-2573596F2AB4}.AutomatedRelease|x86.ActiveCfg = Release|Any CPU
		{A07D0E06-47BF-4215-AB84-2573596F2AB4}.Debug|Any CPU.ActiveCfg = Debug|Any CPU
		{A07D0E06-47BF-4215-AB84-2573596F2AB4}.Debug|Any CPU.Build.0 = Debug|Any CPU
		{A07D0E06-47BF-4215-AB84-2573596F2AB4}.Debug|Mixed Platforms.ActiveCfg = Debug|Any CPU
		{A07D0E06-47BF-4215-AB84-2573596F2AB4}.Debug|Mixed Platforms.Build.0 = Debug|Any CPU
		{A07D0E06-47BF-4215-AB84-2573596F2AB4}.Debug|Win32.ActiveCfg = Debug|Any CPU
		{A07D0E06-47BF-4215-AB84-2573596F2AB4}.Debug|x64.ActiveCfg = Debug|Any CPU
		{A07D0E06-47BF-4215-AB84-2573596F2AB4}.Debug|x86.ActiveCfg = Debug|Any CPU
		{A07D0E06-47BF-4215-AB84-2573596F2AB4}.Release|Any CPU.ActiveCfg = Release|Any CPU
		{A07D0E06-47BF-4215-AB84-2573596F2AB4}.Release|Any CPU.Build.0 = Release|Any CPU
		{A07D0E06-47BF-4215-AB84-2573596F2AB4}.Release|Mixed Platforms.ActiveCfg = Release|Any CPU
		{A07D0E06-47BF-4215-AB84-2573596F2AB4}.Release|Mixed Platforms.Build.0 = Release|Any CPU
		{A07D0E06-47BF-4215-AB84-2573596F2AB4}.Release|Win32.ActiveCfg = Release|Any CPU
		{A07D0E06-47BF-4215-AB84-2573596F2AB4}.Release|x64.ActiveCfg = Release|Any CPU
		{A07D0E06-47BF-4215-AB84-2573596F2AB4}.Release|x86.ActiveCfg = Release|Any CPU
		{25639033-B211-49B9-AF40-B043A79728FB}.AutomatedRelease|Any CPU.ActiveCfg = Release|Any CPU
		{25639033-B211-49B9-AF40-B043A79728FB}.AutomatedRelease|Any CPU.Build.0 = Release|Any CPU
		{25639033-B211-49B9-AF40-B043A79728FB}.AutomatedRelease|Mixed Platforms.ActiveCfg = Release|Any CPU
		{25639033-B211-49B9-AF40-B043A79728FB}.AutomatedRelease|Mixed Platforms.Build.0 = Release|Any CPU
		{25639033-B211-49B9-AF40-B043A79728FB}.AutomatedRelease|Win32.ActiveCfg = Release|Any CPU
		{25639033-B211-49B9-AF40-B043A79728FB}.AutomatedRelease|x64.ActiveCfg = Release|Any CPU
		{25639033-B211-49B9-AF40-B043A79728FB}.AutomatedRelease|x86.ActiveCfg = Release|Any CPU
		{25639033-B211-49B9-AF40-B043A79728FB}.Debug|Any CPU.ActiveCfg = Debug|Any CPU
		{25639033-B211-49B9-AF40-B043A79728FB}.Debug|Any CPU.Build.0 = Debug|Any CPU
		{25639033-B211-49B9-AF40-B043A79728FB}.Debug|Mixed Platforms.ActiveCfg = Debug|Any CPU
		{25639033-B211-49B9-AF40-B043A79728FB}.Debug|Mixed Platforms.Build.0 = Debug|Any CPU
		{25639033-B211-49B9-AF40-B043A79728FB}.Debug|Win32.ActiveCfg = Debug|Any CPU
		{25639033-B211-49B9-AF40-B043A79728FB}.Debug|x64.ActiveCfg = Debug|Any CPU
		{25639033-B211-49B9-AF40-B043A79728FB}.Debug|x86.ActiveCfg = Debug|Any CPU
		{25639033-B211-49B9-AF40-B043A79728FB}.Release|Any CPU.ActiveCfg = Release|Any CPU
		{25639033-B211-49B9-AF40-B043A79728FB}.Release|Any CPU.Build.0 = Release|Any CPU
		{25639033-B211-49B9-AF40-B043A79728FB}.Release|Mixed Platforms.ActiveCfg = Release|Any CPU
		{25639033-B211-49B9-AF40-B043A79728FB}.Release|Mixed Platforms.Build.0 = Release|Any CPU
		{25639033-B211-49B9-AF40-B043A79728FB}.Release|Win32.ActiveCfg = Release|Any CPU
		{25639033-B211-49B9-AF40-B043A79728FB}.Release|x64.ActiveCfg = Release|Any CPU
		{25639033-B211-49B9-AF40-B043A79728FB}.Release|x86.ActiveCfg = Release|Any CPU
		{8F012C59-269B-48CD-927B-3463FA1CAE0C}.AutomatedRelease|Any CPU.ActiveCfg = Release|Any CPU
		{8F012C59-269B-48CD-927B-3463FA1CAE0C}.AutomatedRelease|Any CPU.Build.0 = Release|Any CPU
		{8F012C59-269B-48CD-927B-3463FA1CAE0C}.AutomatedRelease|Mixed Platforms.ActiveCfg = Release|Any CPU
		{8F012C59-269B-48CD-927B-3463FA1CAE0C}.AutomatedRelease|Mixed Platforms.Build.0 = Release|Any CPU
		{8F012C59-269B-48CD-927B-3463FA1CAE0C}.AutomatedRelease|Win32.ActiveCfg = Release|Any CPU
		{8F012C59-269B-48CD-927B-3463FA1CAE0C}.AutomatedRelease|x64.ActiveCfg = Release|Any CPU
		{8F012C59-269B-48CD-927B-3463FA1CAE0C}.AutomatedRelease|x86.ActiveCfg = Release|Any CPU
		{8F012C59-269B-48CD-927B-3463FA1CAE0C}.Debug|Any CPU.ActiveCfg = Debug|Any CPU
		{8F012C59-269B-48CD-927B-3463FA1CAE0C}.Debug|Any CPU.Build.0 = Debug|Any CPU
		{8F012C59-269B-48CD-927B-3463FA1CAE0C}.Debug|Mixed Platforms.ActiveCfg = Debug|Any CPU
		{8F012C59-269B-48CD-927B-3463FA1CAE0C}.Debug|Mixed Platforms.Build.0 = Debug|Any CPU
		{8F012C59-269B-48CD-927B-3463FA1CAE0C}.Debug|Win32.ActiveCfg = Debug|Any CPU
		{8F012C59-269B-48CD-927B-3463FA1CAE0C}.Debug|x64.ActiveCfg = Debug|Any CPU
		{8F012C59-269B-48CD-927B-3463FA1CAE0C}.Debug|x86.ActiveCfg = Debug|Any CPU
		{8F012C59-269B-48CD-927B-3463FA1CAE0C}.Release|Any CPU.ActiveCfg = Release|Any CPU
		{8F012C59-269B-48CD-927B-3463FA1CAE0C}.Release|Any CPU.Build.0 = Release|Any CPU
		{8F012C59-269B-48CD-927B-3463FA1CAE0C}.Release|Mixed Platforms.ActiveCfg = Release|Any CPU
		{8F012C59-269B-48CD-927B-3463FA1CAE0C}.Release|Mixed Platforms.Build.0 = Release|Any CPU
		{8F012C59-269B-48CD-927B-3463FA1CAE0C}.Release|Win32.ActiveCfg = Release|Any CPU
		{8F012C59-269B-48CD-927B-3463FA1CAE0C}.Release|x64.ActiveCfg = Release|Any CPU
		{8F012C59-269B-48CD-927B-3463FA1CAE0C}.Release|x86.ActiveCfg = Release|Any CPU
		{891C9C4B-51CF-46F7-90ED-D314C5AABB22}.AutomatedRelease|Any CPU.ActiveCfg = Release|Any CPU
		{891C9C4B-51CF-46F7-90ED-D314C5AABB22}.AutomatedRelease|Any CPU.Build.0 = Release|Any CPU
		{891C9C4B-51CF-46F7-90ED-D314C5AABB22}.AutomatedRelease|Mixed Platforms.ActiveCfg = Release|Any CPU
		{891C9C4B-51CF-46F7-90ED-D314C5AABB22}.AutomatedRelease|Mixed Platforms.Build.0 = Release|Any CPU
		{891C9C4B-51CF-46F7-90ED-D314C5AABB22}.AutomatedRelease|Win32.ActiveCfg = Release|Any CPU
		{891C9C4B-51CF-46F7-90ED-D314C5AABB22}.AutomatedRelease|x64.ActiveCfg = Release|Any CPU
		{891C9C4B-51CF-46F7-90ED-D314C5AABB22}.AutomatedRelease|x86.ActiveCfg = Release|Any CPU
		{891C9C4B-51CF-46F7-90ED-D314C5AABB22}.Debug|Any CPU.ActiveCfg = Debug|Any CPU
		{891C9C4B-51CF-46F7-90ED-D314C5AABB22}.Debug|Any CPU.Build.0 = Debug|Any CPU
		{891C9C4B-51CF-46F7-90ED-D314C5AABB22}.Debug|Mixed Platforms.ActiveCfg = Debug|Any CPU
		{891C9C4B-51CF-46F7-90ED-D314C5AABB22}.Debug|Mixed Platforms.Build.0 = Debug|Any CPU
		{891C9C4B-51CF-46F7-90ED-D314C5AABB22}.Debug|Win32.ActiveCfg = Debug|Any CPU
		{891C9C4B-51CF-46F7-90ED-D314C5AABB22}.Debug|x64.ActiveCfg = Debug|Any CPU
		{891C9C4B-51CF-46F7-90ED-D314C5AABB22}.Debug|x86.ActiveCfg = Debug|Any CPU
		{891C9C4B-51CF-46F7-90ED-D314C5AABB22}.Release|Any CPU.ActiveCfg = Release|Any CPU
		{891C9C4B-51CF-46F7-90ED-D314C5AABB22}.Release|Any CPU.Build.0 = Release|Any CPU
		{891C9C4B-51CF-46F7-90ED-D314C5AABB22}.Release|Mixed Platforms.ActiveCfg = Release|Any CPU
		{891C9C4B-51CF-46F7-90ED-D314C5AABB22}.Release|Mixed Platforms.Build.0 = Release|Any CPU
		{891C9C4B-51CF-46F7-90ED-D314C5AABB22}.Release|Win32.ActiveCfg = Release|Any CPU
		{891C9C4B-51CF-46F7-90ED-D314C5AABB22}.Release|x64.ActiveCfg = Release|Any CPU
		{891C9C4B-51CF-46F7-90ED-D314C5AABB22}.Release|x86.ActiveCfg = Release|Any CPU
		{CA2E0C0E-692C-4E05-BAE2-A7991CA66B24}.AutomatedRelease|Any CPU.ActiveCfg = Release|Any CPU
		{CA2E0C0E-692C-4E05-BAE2-A7991CA66B24}.AutomatedRelease|Any CPU.Build.0 = Release|Any CPU
		{CA2E0C0E-692C-4E05-BAE2-A7991CA66B24}.AutomatedRelease|Mixed Platforms.ActiveCfg = Release|Any CPU
		{CA2E0C0E-692C-4E05-BAE2-A7991CA66B24}.AutomatedRelease|Mixed Platforms.Build.0 = Release|Any CPU
		{CA2E0C0E-692C-4E05-BAE2-A7991CA66B24}.AutomatedRelease|Win32.ActiveCfg = Release|Any CPU
		{CA2E0C0E-692C-4E05-BAE2-A7991CA66B24}.AutomatedRelease|x64.ActiveCfg = Release|Any CPU
		{CA2E0C0E-692C-4E05-BAE2-A7991CA66B24}.AutomatedRelease|x86.ActiveCfg = Release|Any CPU
		{CA2E0C0E-692C-4E05-BAE2-A7991CA66B24}.Debug|Any CPU.ActiveCfg = Debug|Any CPU
		{CA2E0C0E-692C-4E05-BAE2-A7991CA66B24}.Debug|Any CPU.Build.0 = Debug|Any CPU
		{CA2E0C0E-692C-4E05-BAE2-A7991CA66B24}.Debug|Mixed Platforms.ActiveCfg = Debug|Any CPU
		{CA2E0C0E-692C-4E05-BAE2-A7991CA66B24}.Debug|Mixed Platforms.Build.0 = Debug|Any CPU
		{CA2E0C0E-692C-4E05-BAE2-A7991CA66B24}.Debug|Win32.ActiveCfg = Debug|Any CPU
		{CA2E0C0E-692C-4E05-BAE2-A7991CA66B24}.Debug|x64.ActiveCfg = Debug|Any CPU
		{CA2E0C0E-692C-4E05-BAE2-A7991CA66B24}.Debug|x86.ActiveCfg = Debug|Any CPU
		{CA2E0C0E-692C-4E05-BAE2-A7991CA66B24}.Release|Any CPU.ActiveCfg = Release|Any CPU
		{CA2E0C0E-692C-4E05-BAE2-A7991CA66B24}.Release|Any CPU.Build.0 = Release|Any CPU
		{CA2E0C0E-692C-4E05-BAE2-A7991CA66B24}.Release|Mixed Platforms.ActiveCfg = Release|Any CPU
		{CA2E0C0E-692C-4E05-BAE2-A7991CA66B24}.Release|Mixed Platforms.Build.0 = Release|Any CPU
		{CA2E0C0E-692C-4E05-BAE2-A7991CA66B24}.Release|Win32.ActiveCfg = Release|Any CPU
		{CA2E0C0E-692C-4E05-BAE2-A7991CA66B24}.Release|x64.ActiveCfg = Release|Any CPU
		{CA2E0C0E-692C-4E05-BAE2-A7991CA66B24}.Release|x86.ActiveCfg = Release|Any CPU
		{4D7A5872-7923-4D9B-8E23-DE2DC03E3891}.AutomatedRelease|Any CPU.ActiveCfg = Release|Any CPU
		{4D7A5872-7923-4D9B-8E23-DE2DC03E3891}.AutomatedRelease|Any CPU.Build.0 = Release|Any CPU
		{4D7A5872-7923-4D9B-8E23-DE2DC03E3891}.AutomatedRelease|Mixed Platforms.ActiveCfg = Release|Any CPU
		{4D7A5872-7923-4D9B-8E23-DE2DC03E3891}.AutomatedRelease|Mixed Platforms.Build.0 = Release|Any CPU
		{4D7A5872-7923-4D9B-8E23-DE2DC03E3891}.AutomatedRelease|Win32.ActiveCfg = Release|Any CPU
		{4D7A5872-7923-4D9B-8E23-DE2DC03E3891}.AutomatedRelease|x64.ActiveCfg = Release|Any CPU
		{4D7A5872-7923-4D9B-8E23-DE2DC03E3891}.AutomatedRelease|x86.ActiveCfg = Release|Any CPU
		{4D7A5872-7923-4D9B-8E23-DE2DC03E3891}.Debug|Any CPU.ActiveCfg = Debug|Any CPU
		{4D7A5872-7923-4D9B-8E23-DE2DC03E3891}.Debug|Any CPU.Build.0 = Debug|Any CPU
		{4D7A5872-7923-4D9B-8E23-DE2DC03E3891}.Debug|Mixed Platforms.ActiveCfg = Debug|Any CPU
		{4D7A5872-7923-4D9B-8E23-DE2DC03E3891}.Debug|Mixed Platforms.Build.0 = Debug|Any CPU
		{4D7A5872-7923-4D9B-8E23-DE2DC03E3891}.Debug|Win32.ActiveCfg = Debug|Any CPU
		{4D7A5872-7923-4D9B-8E23-DE2DC03E3891}.Debug|x64.ActiveCfg = Debug|Any CPU
		{4D7A5872-7923-4D9B-8E23-DE2DC03E3891}.Debug|x86.ActiveCfg = Debug|Any CPU
		{4D7A5872-7923-4D9B-8E23-DE2DC03E3891}.Release|Any CPU.ActiveCfg = Release|Any CPU
		{4D7A5872-7923-4D9B-8E23-DE2DC03E3891}.Release|Any CPU.Build.0 = Release|Any CPU
		{4D7A5872-7923-4D9B-8E23-DE2DC03E3891}.Release|Mixed Platforms.ActiveCfg = Release|Any CPU
		{4D7A5872-7923-4D9B-8E23-DE2DC03E3891}.Release|Mixed Platforms.Build.0 = Release|Any CPU
		{4D7A5872-7923-4D9B-8E23-DE2DC03E3891}.Release|Win32.ActiveCfg = Release|Any CPU
		{4D7A5872-7923-4D9B-8E23-DE2DC03E3891}.Release|x64.ActiveCfg = Release|Any CPU
		{4D7A5872-7923-4D9B-8E23-DE2DC03E3891}.Release|x86.ActiveCfg = Release|Any CPU
		{CFED367C-9EB1-4416-B936-53C5F30079B6}.AutomatedRelease|Any CPU.ActiveCfg = Release|Any CPU
		{CFED367C-9EB1-4416-B936-53C5F30079B6}.AutomatedRelease|Any CPU.Build.0 = Release|Any CPU
		{CFED367C-9EB1-4416-B936-53C5F30079B6}.AutomatedRelease|Mixed Platforms.ActiveCfg = Release|Any CPU
		{CFED367C-9EB1-4416-B936-53C5F30079B6}.AutomatedRelease|Mixed Platforms.Build.0 = Release|Any CPU
		{CFED367C-9EB1-4416-B936-53C5F30079B6}.AutomatedRelease|Win32.ActiveCfg = Release|Any CPU
		{CFED367C-9EB1-4416-B936-53C5F30079B6}.AutomatedRelease|x64.ActiveCfg = Release|Any CPU
		{CFED367C-9EB1-4416-B936-53C5F30079B6}.AutomatedRelease|x86.ActiveCfg = Release|Any CPU
		{CFED367C-9EB1-4416-B936-53C5F30079B6}.Debug|Any CPU.ActiveCfg = Debug|Any CPU
		{CFED367C-9EB1-4416-B936-53C5F30079B6}.Debug|Any CPU.Build.0 = Debug|Any CPU
		{CFED367C-9EB1-4416-B936-53C5F30079B6}.Debug|Mixed Platforms.ActiveCfg = Debug|Any CPU
		{CFED367C-9EB1-4416-B936-53C5F30079B6}.Debug|Mixed Platforms.Build.0 = Debug|Any CPU
		{CFED367C-9EB1-4416-B936-53C5F30079B6}.Debug|Win32.ActiveCfg = Debug|Any CPU
		{CFED367C-9EB1-4416-B936-53C5F30079B6}.Debug|x64.ActiveCfg = Debug|Any CPU
		{CFED367C-9EB1-4416-B936-53C5F30079B6}.Debug|x86.ActiveCfg = Debug|Any CPU
		{CFED367C-9EB1-4416-B936-53C5F30079B6}.Release|Any CPU.ActiveCfg = Release|Any CPU
		{CFED367C-9EB1-4416-B936-53C5F30079B6}.Release|Any CPU.Build.0 = Release|Any CPU
		{CFED367C-9EB1-4416-B936-53C5F30079B6}.Release|Mixed Platforms.ActiveCfg = Release|Any CPU
		{CFED367C-9EB1-4416-B936-53C5F30079B6}.Release|Mixed Platforms.Build.0 = Release|Any CPU
		{CFED367C-9EB1-4416-B936-53C5F30079B6}.Release|Win32.ActiveCfg = Release|Any CPU
		{CFED367C-9EB1-4416-B936-53C5F30079B6}.Release|x64.ActiveCfg = Release|Any CPU
		{CFED367C-9EB1-4416-B936-53C5F30079B6}.Release|x86.ActiveCfg = Release|Any CPU
		{0C83DEAD-6A1C-4871-8657-AD63DD76EB9A}.AutomatedRelease|Any CPU.ActiveCfg = Release|Any CPU
		{0C83DEAD-6A1C-4871-8657-AD63DD76EB9A}.AutomatedRelease|Any CPU.Build.0 = Release|Any CPU
		{0C83DEAD-6A1C-4871-8657-AD63DD76EB9A}.AutomatedRelease|Mixed Platforms.ActiveCfg = Release|Any CPU
		{0C83DEAD-6A1C-4871-8657-AD63DD76EB9A}.AutomatedRelease|Mixed Platforms.Build.0 = Release|Any CPU
		{0C83DEAD-6A1C-4871-8657-AD63DD76EB9A}.AutomatedRelease|Win32.ActiveCfg = Release|Any CPU
		{0C83DEAD-6A1C-4871-8657-AD63DD76EB9A}.AutomatedRelease|x64.ActiveCfg = Release|Any CPU
		{0C83DEAD-6A1C-4871-8657-AD63DD76EB9A}.AutomatedRelease|x86.ActiveCfg = Release|Any CPU
		{0C83DEAD-6A1C-4871-8657-AD63DD76EB9A}.Debug|Any CPU.ActiveCfg = Debug|Any CPU
		{0C83DEAD-6A1C-4871-8657-AD63DD76EB9A}.Debug|Any CPU.Build.0 = Debug|Any CPU
		{0C83DEAD-6A1C-4871-8657-AD63DD76EB9A}.Debug|Mixed Platforms.ActiveCfg = Debug|Any CPU
		{0C83DEAD-6A1C-4871-8657-AD63DD76EB9A}.Debug|Mixed Platforms.Build.0 = Debug|Any CPU
		{0C83DEAD-6A1C-4871-8657-AD63DD76EB9A}.Debug|Win32.ActiveCfg = Debug|Any CPU
		{0C83DEAD-6A1C-4871-8657-AD63DD76EB9A}.Debug|x64.ActiveCfg = Debug|Any CPU
		{0C83DEAD-6A1C-4871-8657-AD63DD76EB9A}.Debug|x86.ActiveCfg = Debug|Any CPU
		{0C83DEAD-6A1C-4871-8657-AD63DD76EB9A}.Release|Any CPU.ActiveCfg = Release|Any CPU
		{0C83DEAD-6A1C-4871-8657-AD63DD76EB9A}.Release|Any CPU.Build.0 = Release|Any CPU
		{0C83DEAD-6A1C-4871-8657-AD63DD76EB9A}.Release|Mixed Platforms.ActiveCfg = Release|Any CPU
		{0C83DEAD-6A1C-4871-8657-AD63DD76EB9A}.Release|Mixed Platforms.Build.0 = Release|Any CPU
		{0C83DEAD-6A1C-4871-8657-AD63DD76EB9A}.Release|Win32.ActiveCfg = Release|Any CPU
		{0C83DEAD-6A1C-4871-8657-AD63DD76EB9A}.Release|x64.ActiveCfg = Release|Any CPU
		{0C83DEAD-6A1C-4871-8657-AD63DD76EB9A}.Release|x86.ActiveCfg = Release|Any CPU
	EndGlobalSection
	GlobalSection(SolutionProperties) = preSolution
		HideSolutionNode = FALSE
	EndGlobalSection
	GlobalSection(NestedProjects) = preSolution
		{300486EF-D20E-418C-9204-E9D4B1F8A86E} = {E67B8224-BBD4-423A-9C8E-6002FDABCDE8}
		{1B9303AF-8607-4FA1-A764-F8A763299D3E} = {E67B8224-BBD4-423A-9C8E-6002FDABCDE8}
		{895F87B4-2839-4C7F-AE6D-1AC5901C3498} = {E67B8224-BBD4-423A-9C8E-6002FDABCDE8}
		{CFB67609-6752-4AE6-8FED-B60C6A4B3F4A} = {E67B8224-BBD4-423A-9C8E-6002FDABCDE8}
	EndGlobalSection
EndGlobal
